<?xml version="1.0" encoding="utf-8"?>
<Project ToolsVersion="4.0" xmlns="http://schemas.microsoft.com/developer/msbuild/2003">
  <ItemGroup>
    <Filter Include="Source Files">
      <UniqueIdentifier>{4FC737F1-C7A5-4376-A066-2A32D752A2FF}</UniqueIdentifier>
      <Extensions>cpp;c;cc;cxx;def;odl;idl;hpj;bat;asm;asmx</Extensions>
    </Filter>
    <Filter Include="Header Files">
      <UniqueIdentifier>{93995380-89BD-4b04-88EB-625FBE52EBFB}</UniqueIdentifier>
      <Extensions>h;hh;hpp;hxx;hm;inl;inc;ipp;xsd</Extensions>
    </Filter>
    <Filter Include="Resource Files">
      <UniqueIdentifier>{67DA6AB6-F800-4c08-8B7A-83BB121AAD01}</UniqueIdentifier>
      <Extensions>rc;ico;cur;bmp;dlg;rc2;rct;bin;rgs;gif;jpg;jpeg;jpe;resx;tiff;tif;png;wav;mfcribbon-ms</Extensions>
    </Filter>
    <Filter Include="Source Files\Core">
      <UniqueIdentifier>{5ec73dba-11a2-4df3-b83d-3df1e9c1e365}</UniqueIdentifier>
    </Filter>
    <Filter Include="Header Files\Core">
      <UniqueIdentifier>{d806341f-4663-471d-b19d-b4df4c4f7a04}</UniqueIdentifier>
    </Filter>
    <Filter Include="Header Files\State">
      <UniqueIdentifier>{2800457a-0e63-45ab-9323-8082472afa21}</UniqueIdentifier>
    </Filter>
    <Filter Include="Source Files\State">
      <UniqueIdentifier>{67bf7b1a-a410-4e4b-b05a-a4cce9f4974f}</UniqueIdentifier>
    </Filter>
    <Filter Include="Header Files\Object">
      <UniqueIdentifier>{f4220f69-9911-4c60-872d-8a08626f23af}</UniqueIdentifier>
    </Filter>
    <Filter Include="Source Files\Object">
      <UniqueIdentifier>{269dda15-ec9c-401f-ac63-d88c12401538}</UniqueIdentifier>
    </Filter>
  </ItemGroup>
  <ItemGroup>
    <ClInclude Include="Include\State_Handler.h">
      <Filter>Header Files\Core</Filter>
    </ClInclude>
    <ClInclude Include="Include\main.h">
      <Filter>Header Files\Core</Filter>
    </ClInclude>
    <ClInclude Include="Include\State_Main_Menu.h">
      <Filter>Header Files\State</Filter>
    </ClInclude>
    <ClInclude Include="Include\State_Single_Player.h">
      <Filter>Header Files\State</Filter>
    </ClInclude>
    <ClInclude Include="Include\Entity.h">
      <Filter>Header Files\Object</Filter>
    </ClInclude>
    <ClInclude Include="Include\Object.h">
      <Filter>Header Files\Object</Filter>
    </ClInclude>
    <ClInclude Include="Include\Player.h">
      <Filter>Header Files\Object</Filter>
    </ClInclude>
    <ClInclude Include="Include\Bullet.h">
      <Filter>Header Files\Object</Filter>
    </ClInclude>
  </ItemGroup>
  <ItemGroup>
    <ClCompile Include="Source\State_Handler.cpp">
      <Filter>Source Files\Core</Filter>
    </ClCompile>
    <ClCompile Include="Source\main.cpp">
      <Filter>Source Files\Core</Filter>
    </ClCompile>
    <ClCompile Include="Source\State_Main_Menu.cpp">
      <Filter>Source Files\State</Filter>
    </ClCompile>
    <ClCompile Include="Source\State_Single_Player.cpp">
      <Filter>Source Files\State</Filter>
    </ClCompile>
    <ClCompile Include="Source\Entity.cpp">
      <Filter>Source Files\Object</Filter>
    </ClCompile>
    <ClCompile Include="Source\Object.cpp">
      <Filter>Source Files\Object</Filter>
    </ClCompile>
    <ClCompile Include="Source\Player.cpp">
      <Filter>Source Files\Object</Filter>
    </ClCompile>
    <ClCompile Include="Source\Bullet.cpp">
      <Filter>Source Files\Object</Filter>
    </ClCompile>
  </ItemGroup>
</Project>